// !$*UTF8*$!
{
	archiveVersion = 1;
	classes = {
	};
	objectVersion = 50;
	objects = {

/* Begin PBXBuildFile section */
		D5AC1CF8258F34DD00256C23 /* main.c in Sources */ = {isa = PBXBuildFile; fileRef = D5AC1CF7258F34DD00256C23 /* main.c */; };
		D5AC1D01258F375F00256C23 /* heap.c in Sources */ = {isa = PBXBuildFile; fileRef = D5AC1D00258F375F00256C23 /* heap.c */; };
		D5AC1D06258F37AD00256C23 /* Dijkstra.c in Sources */ = {isa = PBXBuildFile; fileRef = D5AC1D05258F37AD00256C23 /* Dijkstra.c */; };
		D5AC1D0B258F37E400256C23 /* HandleTCPClient.c in Sources */ = {isa = PBXBuildFile; fileRef = D5AC1D0A258F37E400256C23 /* HandleTCPClient.c */; };
		D5AC1D0F258F37F900256C23 /* DieWithError.c in Sources */ = {isa = PBXBuildFile; fileRef = D5AC1D0E258F37F900256C23 /* DieWithError.c */; };
/* End PBXBuildFile section */

/* Begin PBXCopyFilesBuildPhase section */
		D5AC1CF2258F34DD00256C23 /* CopyFiles */ = {
			isa = PBXCopyFilesBuildPhase;
			buildActionMask = 2147483647;
			dstPath = /usr/share/man/man1/;
			dstSubfolderSpec = 0;
			files = (
			);
			runOnlyForDeploymentPostprocessing = 1;
		};
/* End PBXCopyFilesBuildPhase section */

/* Begin PBXFileReference section */
		D5AC1CF4258F34DD00256C23 /* Navigator */ = {isa = PBXFileReference; explicitFileType = "compiled.mach-o.executable"; includeInIndex = 0; path = Navigator; sourceTree = BUILT_PRODUCTS_DIR; };
		D5AC1CF7258F34DD00256C23 /* main.c */ = {isa = PBXFileReference; lastKnownFileType = sourcecode.c.c; path = main.c; sourceTree = "<group>"; };
		D5AC1CFF258F371600256C23 /* heap.h */ = {isa = PBXFileReference; lastKnownFileType = sourcecode.c.h; path = heap.h; sourceTree = "<group>"; };
		D5AC1D00258F375F00256C23 /* heap.c */ = {isa = PBXFileReference; lastKnownFileType = sourcecode.c.c; path = heap.c; sourceTree = "<group>"; };
		D5AC1D04258F379200256C23 /* Dijkstra.h */ = {isa = PBXFileReference; lastKnownFileType = sourcecode.c.h; path = Dijkstra.h; sourceTree = "<group>"; };
		D5AC1D05258F37AD00256C23 /* Dijkstra.c */ = {isa = PBXFileReference; lastKnownFileType = sourcecode.c.c; path = Dijkstra.c; sourceTree = "<group>"; };
		D5AC1D09258F37CB00256C23 /* TCP_Server.h */ = {isa = PBXFileReference; lastKnownFileType = sourcecode.c.h; path = TCP_Server.h; sourceTree = "<group>"; };
		D5AC1D0A258F37E400256C23 /* HandleTCPClient.c */ = {isa = PBXFileReference; lastKnownFileType = sourcecode.c.c; path = HandleTCPClient.c; sourceTree = "<group>"; };
		D5AC1D0E258F37F900256C23 /* DieWithError.c */ = {isa = PBXFileReference; lastKnownFileType = sourcecode.c.c; path = DieWithError.c; sourceTree = "<group>"; };
/* End PBXFileReference section */

/* Begin PBXFrameworksBuildPhase section */
		D5AC1CF1258F34DD00256C23 /* Frameworks */ = {
			isa = PBXFrameworksBuildPhase;
			buildActionMask = 2147483647;
			files = (
			);
			runOnlyForDeploymentPostprocessing = 0;
		};
/* End PBXFrameworksBuildPhase section */

/* Begin PBXGroup section */
		D5AC1CEB258F34DD00256C23 = {
			isa = PBXGroup;
			children = (
				D5AC1CF6258F34DD00256C23 /* Navigator */,
				D5AC1CF5258F34DD00256C23 /* Products */,
			);
			sourceTree = "<group>";
		};
		D5AC1CF5258F34DD00256C23 /* Products */ = {
			isa = PBXGroup;
			children = (
				D5AC1CF4258F34DD00256C23 /* Navigator */,
			);
			name = Products;
			sourceTree = "<group>";
		};
		D5AC1CF6258F34DD00256C23 /* Navigator */ = {
			isa = PBXGroup;
			children = (
				D5AC1CF7258F34DD00256C23 /* main.c */,
				D5AC1CFF258F371600256C23 /* heap.h */,
				D5AC1D00258F375F00256C23 /* heap.c */,
				D5AC1D04258F379200256C23 /* Dijkstra.h */,
				D5AC1D05258F37AD00256C23 /* Dijkstra.c */,
				D5AC1D09258F37CB00256C23 /* TCP_Server.h */,
				D5AC1D0A258F37E400256C23 /* HandleTCPClient.c */,
				D5AC1D0E258F37F900256C23 /* DieWithError.c */,
			);
			path = Navigator;
			sourceTree = "<group>";
		};
/* End PBXGroup section */

/* Begin PBXNativeTarget section */
		D5AC1CF3258F34DD00256C23 /* Navigator */ = {
			isa = PBXNativeTarget;
			buildConfigurationList = D5AC1CFB258F34DD00256C23 /* Build configuration list for PBXNativeTarget "Navigator" */;
			buildPhases = (
				D5AC1CF0258F34DD00256C23 /* Sources */,
				D5AC1CF1258F34DD00256C23 /* Frameworks */,
				D5AC1CF2258F34DD00256C23 /* CopyFiles */,
			);
			buildRules = (
			);
			dependencies = (
			);
			name = Navigator;
			productName = Navigator;
			productReference = D5AC1CF4258F34DD00256C23 /* Navigator */;
			productType = "com.apple.product-type.tool";
		};
/* End PBXNativeTarget section */

/* Begin PBXProject section */
		D5AC1CEC258F34DD00256C23 /* Project object */ = {
			isa = PBXProject;
			attributes = {
				LastUpgradeCheck = 1230;
				TargetAttributes = {
					D5AC1CF3258F34DD00256C23 = {
						CreatedOnToolsVersion = 12.3;
					};
				};
			};
			buildConfigurationList = D5AC1CEF258F34DD00256C23 /* Build configuration list for PBXProject "Navigator" */;
			compatibilityVersion = "Xcode 9.3";
			developmentRegion = en;
			hasScannedForEncodings = 0;
			knownRegions = (
				en,
				Base,
			);
			mainGroup = D5AC1CEB258F34DD00256C23;
			productRefGroup = D5AC1CF5258F34DD00256C23 /* Products */;
			projectDirPath = "";
			projectRoot = "";
			targets = (
				D5AC1CF3258F34DD00256C23 /* Navigator */,
			);
		};
/* End PBXProject section */

/* Begin PBXSourcesBuildPhase section */
		D5AC1CF0258F34DD00256C23 /* Sources */ = {
			isa = PBXSourcesBuildPhase;
			buildActionMask = 2147483647;
			files = (
				D5AC1D0B258F37E400256C23 /* HandleTCPClient.c in Sources */,
				D5AC1CF8258F34DD00256C23 /* main.c in Sources */,
				D5AC1D01258F375F00256C23 /* heap.c in Sources */,
				D5AC1D06258F37AD00256C23 /* Dijkstra.c in Sources */,
				D5AC1D0F258F37F900256C23 /* DieWithError.c in Sources */,
			);
			runOnlyForDeploymentPostprocessing = 0;
		};
/* End PBXSourcesBuildPhase section */

/* Begin XCBuildConfiguration section */
		D5AC1CF9258F34DD00256C23 /* Debug */ = {
			isa = XCBuildConfiguration;
			buildSettings = {
				ALWAYS_SEARCH_USER_PATHS = NO;
				CLANG_ANALYZER_NONNULL = YES;
				CLANG_ANALYZER_NUMBER_OBJECT_CONVERSION = YES_AGGRESSIVE;
				CLANG_CXX_LANGUAGE_STANDARD = "gnu++14";
				CLANG_CXX_LIBRARY = "libc++";
				CLANG_ENABLE_MODULES = YES;
				CLANG_ENABLE_OBJC_ARC = YES;
				CLANG_ENABLE_OBJC_WEAK = YES;
				CLANG_WARN_BLOCK_CAPTURE_AUTORELEASING = YES;
				CLANG_WARN_BOOL_CONVERSION = YES;
				CLANG_WARN_COMMA = YES;
				CLANG_WARN_CONSTANT_CONVERSION = YES;
				CLANG_WARN_DEPRECATED_OBJC_IMPLEMENTATIONS = YES;
				CLANG_WARN_DIRECT_OBJC_ISA_USAGE = YES_ERROR;
				CLANG_WARN_DOCUMENTATION_COMMENTS = YES;
				CLANG_WARN_EMPTY_BODY = YES;
				CLANG_WARN_ENUM_CONVERSION = YES;
				CLANG_WARN_INFINITE_RECURSION = YES;
				CLANG_WARN_INT_CONVERSION = YES;
				CLANG_WARN_NON_LITERAL_NULL_CONVERSION = YES;
				CLANG_WARN_OBJC_IMPLICIT_RETAIN_SELF = YES;
				CLANG_WARN_OBJC_LITERAL_CONVERSION = YES;
				CLANG_WARN_OBJC_ROOT_CLASS = YES_ERROR;
				CLANG_WARN_QUOTED_INCLUDE_IN_FRAMEWORK_HEADER = YES;
				CLANG_WARN_RANGE_LOOP_ANALYSIS = YES;
				CLANG_WARN_STRICT_PROTOTYPES = YES;
				CLANG_WARN_SUSPICIOUS_MOVE = YES;
				CLANG_WARN_UNGUARDED_AVAILABILITY = YES_AGGRESSIVE;
				CLANG_WARN_UNREACHABLE_CODE = YES;
				CLANG_WARN__DUPLICATE_METHOD_MATCH = YES;
				COPY_PHASE_STRIP = NO;
				DEBUG_INFORMATION_FORMAT = dwarf;
				ENABLE_STRICT_OBJC_MSGSEND = YES;
				ENABLE_TESTABILITY = YES;
				GCC_C_LANGUAGE_STANDARD = gnu11;
				GCC_DYNAMIC_NO_PIC = NO;
				GCC_NO_COMMON_BLOCKS = YES;
				GCC_OPTIMIZATION_LEVEL = 0;
				GCC_PREPROCESSOR_DEFINITIONS = (
					"DEBUG=1",
					"$(inherited)",
				);
				GCC_WARN_64_TO_32_BIT_CONVERSION = YES;
				GCC_WARN_ABOUT_RETURN_TYPE = YES_ERROR;
				GCC_WARN_UNDECLARED_SELECTOR = YES;
				GCC_WARN_UNINITIALIZED_AUTOS = YES_AGGRESSIVE;
				GCC_WARN_UNUSED_FUNCTION = YES;
				GCC_WARN_UNUSED_VARIABLE = YES;
				MACOSX_DEPLOYMENT_TARGET = 11.1;
				MTL_ENABLE_DEBUG_INFO = INCLUDE_SOURCE;
				MTL_FAST_MATH = YES;
				ONLY_ACTIVE_ARCH = YES;
				SDKROOT = macosx;
			};
			name = Debug;
		};
		D5AC1CFA258F34DD00256C23 /* Release */ = {
			isa = XCBuildConfiguration;
			buildSettings = {
				ALWAYS_SEARCH_USER_PATHS = NO;
				CLANG_ANALYZER_NONNULL = YES;
				CLANG_ANALYZER_NUMBER_OBJECT_CONVERSION = YES_AGGRESSIVE;
				CLANG_CXX_LANGUAGE_STANDARD = "gnu++14";
				CLANG_CXX_LIBRARY = "libc++";
				CLANG_ENABLE_MODULES = YES;
				CLANG_ENABLE_OBJC_ARC = YES;
				CLANG_ENABLE_OBJC_WEAK = YES;
				CLANG_WARN_BLOCK_CAPTURE_AUTORELEASING = YES;
				CLANG_WARN_BOOL_CONVERSION = YES;
				CLANG_WARN_COMMA = YES;
				CLANG_WARN_CONSTANT_CONVERSION = YES;
				CLANG_WARN_DEPRECATED_OBJC_IMPLEMENTATIONS = YES;
				CLANG_WARN_DIRECT_OBJC_ISA_USAGE = YES_ERROR;
				CLANG_WARN_DOCUMENTATION_COMMENTS = YES;
				CLANG_WARN_EMPTY_BODY = YES;
				CLANG_WARN_ENUM_CONVERSION = YES;
				CLANG_WARN_INFINITE_RECURSION = YES;
				CLANG_WARN_INT_CONVERSION = YES;
				CLANG_WARN_NON_LITERAL_NULL_CONVERSION = YES;
				CLANG_WARN_OBJC_IMPLICIT_RETAIN_SELF = YES;
				CLANG_WARN_OBJC_LITERAL_CONVERSION = YES;
				CLANG_WARN_OBJC_ROOT_CLASS = YES_ERROR;
				CLANG_WARN_QUOTED_INCLUDE_IN_FRAMEWORK_HEADER = YES;
				CLANG_WARN_RANGE_LOOP_ANALYSIS = YES;
				CLANG_WARN_STRICT_PROTOTYPES = YES;
				CLANG_WARN_SUSPICIOUS_MOVE = YES;
				CLANG_WARN_UNGUARDED_AVAILABILITY = YES_AGGRESSIVE;
				CLANG_WARN_UNREACHABLE_CODE = YES;
				CLANG_WARN__DUPLICATE_METHOD_MATCH = YES;
				COPY_PHASE_STRIP = NO;
				DEBUG_INFORMATION_FORMAT = "dwarf-with-dsym";
				ENABLE_NS_ASSERTIONS = NO;
				ENABLE_STRICT_OBJC_MSGSEND = YES;
				GCC_C_LANGUAGE_STANDARD = gnu11;
				GCC_NO_COMMON_BLOCKS = YES;
				GCC_WARN_64_TO_32_BIT_CONVERSION = YES;
				GCC_WARN_ABOUT_RETURN_TYPE = YES_ERROR;
				GCC_WARN_UNDECLARED_SELECTOR = YES;
				GCC_WARN_UNINITIALIZED_AUTOS = YES_AGGRESSIVE;
				GCC_WARN_UNUSED_FUNCTION = YES;
				GCC_WARN_UNUSED_VARIABLE = YES;
				MACOSX_DEPLOYMENT_TARGET = 11.1;
				MTL_ENABLE_DEBUG_INFO = NO;
				MTL_FAST_MATH = YES;
				SDKROOT = macosx;
			};
			name = Release;
		};
		D5AC1CFC258F34DD00256C23 /* Debug */ = {
			isa = XCBuildConfiguration;
			buildSettings = {
				CODE_SIGN_STYLE = Automatic;
				PRODUCT_NAME = "$(TARGET_NAME)";
			};
			name = Debug;
		};
		D5AC1CFD258F34DD00256C23 /* Release */ = {
			isa = XCBuildConfiguration;
			buildSettings = {
				CODE_SIGN_STYLE = Automatic;
				PRODUCT_NAME = "$(TARGET_NAME)";
			};
			name = Release;
		};
/* End XCBuildConfiguration section */

/* Begin XCConfigurationList section */
		D5AC1CEF258F34DD00256C23 /* Build configuration list for PBXProject "Navigator" */ = {
			isa = XCConfigurationList;
			buildConfigurations = (
				D5AC1CF9258F34DD00256C23 /* Debug */,
				D5AC1CFA258F34DD00256C23 /* Release */,
			);
			defaultConfigurationIsVisible = 0;
			defaultConfigurationName = Release;
		};
		D5AC1CFB258F34DD00256C23 /* Build configuration list for PBXNativeTarget "Navigator" */ = {
			isa = XCConfigurationList;
			buildConfigurations = (
				D5AC1CFC258F34DD00256C23 /* Debug */,
				D5AC1CFD258F34DD00256C23 /* Release */,
			);
			defaultConfigurationIsVisible = 0;
			defaultConfigurationName = Release;
		};
/* End XCConfigurationList section */
	};
	rootObject = D5AC1CEC258F34DD00256C23 /* Project object */;
}
